// !$*UTF8*$!
{
	archiveVersion = 1;
	classes = {
	};
	objectVersion = 46;
	objects = {

/* Begin PBXBuildFile section */
		69650AAA1B79981A00838452 /* AppDelegate.swift in Sources */ = {isa = PBXBuildFile; fileRef = 69650AA91B79981A00838452 /* AppDelegate.swift */; };
		69650AAC1B79981A00838452 /* ViewController.swift in Sources */ = {isa = PBXBuildFile; fileRef = 69650AAB1B79981A00838452 /* ViewController.swift */; };
		69650AAF1B79981A00838452 /* Main.storyboard in Resources */ = {isa = PBXBuildFile; fileRef = 69650AAD1B79981A00838452 /* Main.storyboard */; };
		69650AB11B79981A00838452 /* Images.xcassets in Resources */ = {isa = PBXBuildFile; fileRef = 69650AB01B79981A00838452 /* Images.xcassets */; };
		69650AB41B79981A00838452 /* LaunchScreen.xib in Resources */ = {isa = PBXBuildFile; fileRef = 69650AB21B79981A00838452 /* LaunchScreen.xib */; };
		69650AC01B79981A00838452 /* splitTests.swift in Sources */ = {isa = PBXBuildFile; fileRef = 69650ABF1B79981A00838452 /* splitTests.swift */; };
/* End PBXBuildFile section */

/* Begin PBXContainerItemProxy section */
		69650ABA1B79981A00838452 /* PBXContainerItemProxy */ = {
			isa = PBXContainerItemProxy;
			containerPortal = 69650A9C1B79981A00838452 /* Project object */;
			proxyType = 1;
			remoteGlobalIDString = 69650AA31B79981A00838452;
			remoteInfo = split;
		};
/* End PBXContainerItemProxy section */

/* Begin PBXFileReference section */
		69650AA41B79981A00838452 /* split.app */ = {isa = PBXFileReference; explicitFileType = wrapper.application; includeInIndex = 0; path = split.app; sourceTree = BUILT_PRODUCTS_DIR; };
		69650AA81B79981A00838452 /* Info.plist */ = {isa = PBXFileReference; lastKnownFileType = text.plist.xml; path = Info.plist; sourceTree = "<group>"; };
		69650AA91B79981A00838452 /* AppDelegate.swift */ = {isa = PBXFileReference; lastKnownFileType = sourcecode.swift; path = AppDelegate.swift; sourceTree = "<group>"; };
		69650AAB1B79981A00838452 /* ViewController.swift */ = {isa = PBXFileReference; lastKnownFileType = sourcecode.swift; path = ViewController.swift; sourceTree = "<group>"; };
		69650AAE1B79981A00838452 /* Base */ = {isa = PBXFileReference; lastKnownFileType = file.storyboard; name = Base; path = Base.lproj/Main.storyboard; sourceTree = "<group>"; };
		69650AB01B79981A00838452 /* Images.xcassets */ = {isa = PBXFileReference; lastKnownFileType = folder.assetcatalog; path = Images.xcassets; sourceTree = "<group>"; };
		69650AB31B79981A00838452 /* Base */ = {isa = PBXFileReference; lastKnownFileType = file.xib; name = Base; path = Base.lproj/LaunchScreen.xib; sourceTree = "<group>"; };
		69650AB91B79981A00838452 /* splitTests.xctest */ = {isa = PBXFileReference; explicitFileType = wrapper.cfbundle; includeInIndex = 0; path = splitTests.xctest; sourceTree = BUILT_PRODUCTS_DIR; };
		69650ABE1B79981A00838452 /* Info.plist */ = {isa = PBXFileReference; lastKnownFileType = text.plist.xml; path = Info.plist; sourceTree = "<group>"; };
		69650ABF1B79981A00838452 /* splitTests.swift */ = {isa = PBXFileReference; lastKnownFileType = sourcecode.swift; path = splitTests.swift; sourceTree = "<group>"; };
/* End PBXFileReference section */

/* Begin PBXFrameworksBuildPhase section */
		69650AA11B79981A00838452 /* Frameworks */ = {
			isa = PBXFrameworksBuildPhase;
			buildActionMask = 2147483647;
			files = (
			);
			runOnlyForDeploymentPostprocessing = 0;
		};
		69650AB61B79981A00838452 /* Frameworks */ = {
			isa = PBXFrameworksBuildPhase;
			buildActionMask = 2147483647;
			files = (
			);
			runOnlyForDeploymentPostprocessing = 0;
		};
/* End PBXFrameworksBuildPhase section */

/* Begin PBXGroup section */
		69650A9B1B79981A00838452 = {
			isa = PBXGroup;
			children = (
				69650AA61B79981A00838452 /* split */,
				69650ABC1B79981A00838452 /* splitTests */,
				69650AA51B79981A00838452 /* Products */,
			);
			sourceTree = "<group>";
		};
		69650AA51B79981A00838452 /* Products */ = {
			isa = PBXGroup;
			children = (
				69650AA41B79981A00838452 /* split.app */,
				69650AB91B79981A00838452 /* splitTests.xctest */,
			);
			name = Products;
			sourceTree = "<group>";
		};
		69650AA61B79981A00838452 /* split */ = {
			isa = PBXGroup;
			children = (
				69650AA91B79981A00838452 /* AppDelegate.swift */,
				69650AAB1B79981A00838452 /* ViewController.swift */,
				69650AAD1B79981A00838452 /* Main.storyboard */,
				69650AB01B79981A00838452 /* Images.xcassets */,
				69650AB21B79981A00838452 /* LaunchScreen.xib */,
				69650AA71B79981A00838452 /* Supporting Files */,
			);
			path = split;
			sourceTree = "<group>";
		};
		69650AA71B79981A00838452 /* Supporting Files */ = {
			isa = PBXGroup;
			children = (
				69650AA81B79981A00838452 /* Info.plist */,
			);
			name = "Supporting Files";
			sourceTree = "<group>";
		};
		69650ABC1B79981A00838452 /* splitTests */ = {
			isa = PBXGroup;
			children = (
				69650ABF1B79981A00838452 /* splitTests.swift */,
				69650ABD1B79981A00838452 /* Supporting Files */,
			);
			path = splitTests;
			sourceTree = "<group>";
		};
		69650ABD1B79981A00838452 /* Supporting Files */ = {
			isa = PBXGroup;
			children = (
				69650ABE1B79981A00838452 /* Info.plist */,
			);
			name = "Supporting Files";
			sourceTree = "<group>";
		};
/* End PBXGroup section */

/* Begin PBXNativeTarget section */
		69650AA31B79981A00838452 /* split */ = {
			isa = PBXNativeTarget;
			buildConfigurationList = 69650AC31B79981A00838452 /* Build configuration list for PBXNativeTarget "split" */;
			buildPhases = (
				69650AA01B79981A00838452 /* Sources */,
				69650AA11B79981A00838452 /* Frameworks */,
				69650AA21B79981A00838452 /* Resources */,
			);
			buildRules = (
			);
			dependencies = (
			);
			name = split;
			productName = split;
			productReference = 69650AA41B79981A00838452 /* split.app */;
			productType = "com.apple.product-type.application";
		};
		69650AB81B79981A00838452 /* splitTests */ = {
			isa = PBXNativeTarget;
			buildConfigurationList = 69650AC61B79981A00838452 /* Build configuration list for PBXNativeTarget "splitTests" */;
			buildPhases = (
				69650AB51B79981A00838452 /* Sources */,
				69650AB61B79981A00838452 /* Frameworks */,
				69650AB71B79981A00838452 /* Resources */,
			);
			buildRules = (
			);
			dependencies = (
				69650ABB1B79981A00838452 /* PBXTargetDependency */,
			);
			name = splitTests;
			productName = splitTests;
			productReference = 69650AB91B79981A00838452 /* splitTests.xctest */;
			productType = "com.apple.product-type.bundle.unit-test";
		};
/* End PBXNativeTarget section */

/* Begin PBXProject section */
		69650A9C1B79981A00838452 /* Project object */ = {
			isa = PBXProject;
			attributes = {
				LastUpgradeCheck = 0640;
				ORGANIZATIONNAME = Stebbins;
				TargetAttributes = {
					69650AA31B79981A00838452 = {
						CreatedOnToolsVersion = 6.4;
					};
					69650AB81B79981A00838452 = {
						CreatedOnToolsVersion = 6.4;
						TestTargetID = 69650AA31B79981A00838452;
					};
				};
			};
			buildConfigurationList = 69650A9F1B79981A00838452 /* Build configuration list for PBXProject "split" */;
			compatibilityVersion = "Xcode 3.2";
			developmentRegion = English;
			hasScannedForEncodings = 0;
			knownRegions = (
				en,
				Base,
			);
			mainGroup = 69650A9B1B79981A00838452;
			productRefGroup = 69650AA51B79981A00838452 /* Products */;
			projectDirPath = "";
			projectRoot = "";
			targets = (
				69650AA31B79981A00838452 /* split */,
				69650AB81B79981A00838452 /* splitTests */,
			);
		};
/* End PBXProject section */

/* Begin PBXResourcesBuildPhase section */
		69650AA21B79981A00838452 /* Resources */ = {
			isa = PBXResourcesBuildPhase;
			buildActionMask = 2147483647;
			files = (
				69650AAF1B79981A00838452 /* Main.storyboard in Resources */,
				69650AB41B79981A00838452 /* LaunchScreen.xib in Resources */,
				69650AB11B79981A00838452 /* Images.xcassets in Resources */,
			);
			runOnlyForDeploymentPostprocessing = 0;
		};
		69650AB71B79981A00838452 /* Resources */ = {
			isa = PBXResourcesBuildPhase;
			buildActionMask = 2147483647;
			files = (
			);
			runOnlyForDeploymentPostprocessing = 0;
		};
/* End PBXResourcesBuildPhase section */

/* Begin PBXSourcesBuildPhase section */
		69650AA01B79981A00838452 /* Sources */ = {
			isa = PBXSourcesBuildPhase;
			buildActionMask = 2147483647;
			files = (
				69650AAC1B79981A00838452 /* ViewController.swift in Sources */,
				69650AAA1B79981A00838452 /* AppDelegate.swift in Sources */,
			);
			runOnlyForDeploymentPostprocessing = 0;
		};
		69650AB51B79981A00838452 /* Sources */ = {
			isa = PBXSourcesBuildPhase;
			buildActionMask = 2147483647;
			files = (
				69650AC01B79981A00838452 /* splitTests.swift in Sources */,
			);
			runOnlyForDeploymentPostprocessing = 0;
		};
/* End PBXSourcesBuildPhase section */

/* Begin PBXTargetDependency section */
		69650ABB1B79981A00838452 /* PBXTargetDependency */ = {
			isa = PBXTargetDependency;
			target = 69650AA31B79981A00838452 /* split */;
			targetProxy = 69650ABA1B79981A00838452 /* PBXContainerItemProxy */;
		};
/* End PBXTargetDependency section */

/* Begin PBXVariantGroup section */
		69650AAD1B79981A00838452 /* Main.storyboard */ = {
			isa = PBXVariantGroup;
			children = (
				69650AAE1B79981A00838452 /* Base */,
			);
			name = Main.storyboard;
			sourceTree = "<group>";
		};
		69650AB21B79981A00838452 /* LaunchScreen.xib */ = {
			isa = PBXVariantGroup;
			children = (
				69650AB31B79981A00838452 /* Base */,
			);
			name = LaunchScreen.xib;
			sourceTree = "<group>";
		};
/* End PBXVariantGroup section */

/* Begin XCBuildConfiguration section */
		69650AC11B79981A00838452 /* Debug */ = {
			isa = XCBuildConfiguration;
			buildSettings = {
				ALWAYS_SEARCH_USER_PATHS = NO;
				CLANG_CXX_LANGUAGE_STANDARD = "gnu++0x";
				CLANG_CXX_LIBRARY = "libc++";
				CLANG_ENABLE_MODULES = YES;
				CLANG_ENABLE_OBJC_ARC = YES;
				CLANG_WARN_BOOL_CONVERSION = YES;
				CLANG_WARN_CONSTANT_CONVERSION = YES;
				CLANG_WARN_DIRECT_OBJC_ISA_USAGE = YES_ERROR;
				CLANG_WARN_EMPTY_BODY = YES;
				CLANG_WARN_ENUM_CONVERSION = YES;
				CLANG_WARN_INT_CONVERSION = YES;
				CLANG_WARN_OBJC_ROOT_CLASS = YES_ERROR;
				CLANG_WARN_UNREACHABLE_CODE = YES;
				CLANG_WARN__DUPLICATE_METHOD_MATCH = YES;
				"CODE_SIGN_IDENTITY[sdk=iphoneos*]" = "iPhone Developer";
				COPY_PHASE_STRIP = NO;
				DEBUG_INFORMATION_FORMAT = "dwarf-with-dsym";
				ENABLE_STRICT_OBJC_MSGSEND = YES;
				GCC_C_LANGUAGE_STANDARD = gnu99;
				GCC_DYNAMIC_NO_PIC = NO;
				GCC_NO_COMMON_BLOCKS = YES;
				GCC_OPTIMIZATION_LEVEL = 0;
				GCC_PREPROCESSOR_DEFINITIONS = (
					"DEBUG=1",
					"$(inherited)",
				);
				GCC_SYMBOLS_PRIVATE_EXTERN = NO;
				GCC_WARN_64_TO_32_BIT_CONVERSION = YES;
				GCC_WARN_ABOUT_RETURN_TYPE = YES_ERROR;
				GCC_WARN_UNDECLARED_SELECTOR = YES;
				GCC_WARN_UNINITIALIZED_AUTOS = YES_AGGRESSIVE;
				GCC_WARN_UNUSED_FUNCTION = YES;
				GCC_WARN_UNUSED_VARIABLE = YES;
				IPHONEOS_DEPLOYMENT_TARGET = 8.4;
				MTL_ENABLE_DEBUG_INFO = YES;
				ONLY_ACTIVE_ARCH = YES;
				SDKROOT = iphoneos;
				SWIFT_OPTIMIZATION_LEVEL = "-Onone";
			};
			name = Debug;
		};
		69650AC21B79981A00838452 /* Release */ = {
			isa = XCBuildConfiguration;
			buildSettings = {
				ALWAYS_SEARCH_USER_PATHS = NO;
				CLANG_CXX_LANGUAGE_STANDARD = "gnu++0x";
				CLANG_CXX_LIBRARY = "libc++";
				CLANG_ENABLE_MODULES = YES;
				CLANG_ENABLE_OBJC_ARC = YES;
				CLANG_WARN_BOOL_CONVERSION = YES;
				CLANG_WARN_CONSTANT_CONVERSION = YES;
				CLANG_WARN_DIRECT_OBJC_ISA_USAGE = YES_ERROR;
				CLANG_WARN_EMPTY_BODY = YES;
				CLANG_WARN_ENUM_CONVERSION = YES;
				CLANG_WARN_INT_CONVERSION = YES;
				CLANG_WARN_OBJC_ROOT_CLASS = YES_ERROR;
				CLANG_WARN_UNREACHABLE_CODE = YES;
				CLANG_WARN__DUPLICATE_METHOD_MATCH = YES;
				"CODE_SIGN_IDENTITY[sdk=iphoneos*]" = "iPhone Developer";
				COPY_PHASE_STRIP = NO;
				DEBUG_INFORMATION_FORMAT = "dwarf-with-dsym";
				ENABLE_NS_ASSERTIONS = NO;
				ENABLE_STRICT_OBJC_MSGSEND = YES;
				GCC_C_LANGUAGE_STANDARD = gnu99;
				GCC_NO_COMMON_BLOCKS = YES;
				GCC_WARN_64_TO_32_BIT_CONVERSION = YES;
				GCC_WARN_ABOUT_RETURN_TYPE = YES_ERROR;
				GCC_WARN_UNDECLARED_SELECTOR = YES;
				GCC_WARN_UNINITIALIZED_AUTOS = YES_AGGRESSIVE;
				GCC_WARN_UNUSED_FUNCTION = YES;
				GCC_WARN_UNUSED_VARIABLE = YES;
				IPHONEOS_DEPLOYMENT_TARGET = 8.4;
				MTL_ENABLE_DEBUG_INFO = NO;
				SDKROOT = iphoneos;
				VALIDATE_PRODUCT = YES;
			};
			name = Release;
		};
		69650AC41B79981A00838452 /* Debug */ = {
			isa = XCBuildConfiguration;
			buildSettings = {
				ASSETCATALOG_COMPILER_APPICON_NAME = AppIcon;
				INFOPLIST_FILE = split/Info.plist;
				IPHONEOS_DEPLOYMENT_TARGET = 7.0;
				LD_RUNPATH_SEARCH_PATHS = "$(inherited) @executable_path/Frameworks";
				PRODUCT_NAME = "$(TARGET_NAME)";
			};
			name = Debug;
		};
		69650AC51B79981A00838452 /* Release */ = {
			isa = XCBuildConfiguration;
			buildSettings = {
				ASSETCATALOG_COMPILER_APPICON_NAME = AppIcon;
				INFOPLIST_FILE = split/Info.plist;
				IPHONEOS_DEPLOYMENT_TARGET = 7.0;
				LD_RUNPATH_SEARCH_PATHS = "$(inherited) @executable_path/Frameworks";
				PRODUCT_NAME = "$(TARGET_NAME)";
			};
			name = Release;
		};
		69650AC71B79981A00838452 /* Debug */ = {
			isa = XCBuildConfiguration;
			buildSettings = {
				BUNDLE_LOADER = "$(TEST_HOST)";
				FRAMEWORK_SEARCH_PATHS = (
					"$(SDKROOT)/Developer/Library/Frameworks",
					"$(inherited)",
				);
				GCC_PREPROCESSOR_DEFINITIONS = (
					"DEBUG=1",
					"$(inherited)",
				);
				INFOPLIST_FILE = splitTests/Info.plist;
				LD_RUNPATH_SEARCH_PATHS = "$(inherited) @executable_path/Frameworks @loader_path/Frameworks";
				PRODUCT_NAME = "$(TARGET_NAME)";
				TEST_HOST = "$(BUILT_PRODUCTS_DIR)/split.app/split";
			};
			name = Debug;
		};
		69650AC81B79981A00838452 /* Release */ = {
			isa = XCBuildConfiguration;
			buildSettings = {
				BUNDLE_LOADER = "$(TEST_HOST)";
				FRAMEWORK_SEARCH_PATHS = (
					"$(SDKROOT)/Developer/Library/Frameworks",
					"$(inherited)",
				);
				INFOPLIST_FILE = splitTests/Info.plist;
				LD_RUNPATH_SEARCH_PATHS = "$(inherited) @executable_path/Frameworks @loader_path/Frameworks";
				PRODUCT_NAME = "$(TARGET_NAME)";
				TEST_HOST = "$(BUILT_PRODUCTS_DIR)/split.app/split";
			};
			name = Release;
		};
/* End XCBuildConfiguration section */

/* Begin XCConfigurationList section */
		69650A9F1B79981A00838452 /* Build configuration list for PBXProject "split" */ = {
			isa = XCConfigurationList;
			buildConfigurations = (
				69650AC11B79981A00838452 /* Debug */,
				69650AC21B79981A00838452 /* Release */,
			);
			defaultConfigurationIsVisible = 0;
			defaultConfigurationName = Release;
		};
		69650AC31B79981A00838452 /* Build configuration list for PBXNativeTarget "split" */ = {
			isa = XCConfigurationList;
			buildConfigurations = (
				69650AC41B79981A00838452 /* Debug */,
				69650AC51B79981A00838452 /* Release */,
			);
			defaultConfigurationIsVisible = 0;
		};
		69650AC61B79981A00838452 /* Build configuration list for PBXNativeTarget "splitTests" */ = {
			isa = XCConfigurationList;
			buildConfigurations = (
				69650AC71B79981A00838452 /* Debug */,
				69650AC81B79981A00838452 /* Release */,
			);
			defaultConfigurationIsVisible = 0;
		};
/* End XCConfigurationList section */
	};
	rootObject = 69650A9C1B79981A00838452 /* Project object */;
}
